
Microsoft Visual Studio Solution File, Format Version 12.00
# Visual Studio 2012
Project("{FAE04EC0-301F-11D3-BF4B-00C04F79EFBC}") = "AdBase3", "AdBase3\AdBase3.csproj", "{9B4D976A-9093-4978-9438-E80C927508F3}"
EndProject
Project("{FAE04EC0-301F-11D3-BF4B-00C04F79EFBC}") = "AdBase3.Tests", "AdBase3.Tests\AdBase3.Tests.csproj", "{32FCBC2C-3DE0-4FE5-B6DA-6751F2F119D2}"
EndProject
Global
	GlobalSection(SolutionConfigurationPlatforms) = preSolution
		Debug|Any CPU = Debug|Any CPU
		Release|Any CPU = Release|Any CPU
	EndGlobalSection
	GlobalSection(ProjectConfigurationPlatforms) = postSolution
		{9B4D976A-9093-4978-9438-E80C927508F3}.Debug|Any CPU.ActiveCfg = Debug|Any CPU
		{9B4D976A-9093-4978-9438-E80C927508F3}.Debug|Any CPU.Build.0 = Debug|Any CPU
		{9B4D976A-9093-4978-9438-E80C927508F3}.Release|Any CPU.ActiveCfg = Release|Any CPU
		{9B4D976A-9093-4978-9438-E80C927508F3}.Release|Any CPU.Build.0 = Release|Any CPU
		{32FCBC2C-3DE0-4FE5-B6DA-6751F2F119D2}.Debug|Any CPU.ActiveCfg = Debug|Any CPU
		{32FCBC2C-3DE0-4FE5-B6DA-6751F2F119D2}.Debug|Any CPU.Build.0 = Debug|Any CPU
		{32FCBC2C-3DE0-4FE5-B6DA-6751F2F119D2}.Release|Any CPU.ActiveCfg = Release|Any CPU
		{32FCBC2C-3DE0-4FE5-B6DA-6751F2F119D2}.Release|Any CPU.Build.0 = Release|Any CPU
	EndGlobalSection
	GlobalSection(SolutionProperties) = preSolution
		HideSolutionNode = FALSE
	EndGlobalSection
EndGlobal
